
Microsoft Visual Studio Solution File, Format Version 12.00
# Visual Studio Version 16
VisualStudioVersion = 16.0.31911.196
MinimumVisualStudioVersion = 10.0.40219.1
Project("{9A19103F-16F7-4668-BE54-9A1E7A4F7556}") = "VismaTask", "VismaTask.csproj", "{D791A5E8-D58B-4B5E-849E-74D94CD07F08}"
EndProject
Project("{FAE04EC0-301F-11D3-BF4B-00C04F79EFBC}") = "UnitTests", "..\UnitTests\UnitTests.csproj", "{57D5B464-CBD7-4666-8C10-CB49053FDC16}"
EndProject
Global
	GlobalSection(SolutionConfigurationPlatforms) = preSolution
		Debug|Any CPU = Debug|Any CPU
		Release|Any CPU = Release|Any CPU
	EndGlobalSection
	GlobalSection(ProjectConfigurationPlatforms) = postSolution
		{D791A5E8-D58B-4B5E-849E-74D94CD07F08}.Debug|Any CPU.ActiveCfg = Debug|Any CPU
		{D791A5E8-D58B-4B5E-849E-74D94CD07F08}.Debug|Any CPU.Build.0 = Debug|Any CPU
		{D791A5E8-D58B-4B5E-849E-74D94CD07F08}.Release|Any CPU.ActiveCfg = Release|Any CPU
		{D791A5E8-D58B-4B5E-849E-74D94CD07F08}.Release|Any CPU.Build.0 = Release|Any CPU
		{57D5B464-CBD7-4666-8C10-CB49053FDC16}.Debug|Any CPU.ActiveCfg = Debug|Any CPU
		{57D5B464-CBD7-4666-8C10-CB49053FDC16}.Debug|Any CPU.Build.0 = Debug|Any CPU
		{57D5B464-CBD7-4666-8C10-CB49053FDC16}.Release|Any CPU.ActiveCfg = Release|Any CPU
		{57D5B464-CBD7-4666-8C10-CB49053FDC16}.Release|Any CPU.Build.0 = Release|Any CPU
	EndGlobalSection
	GlobalSection(SolutionProperties) = preSolution
		HideSolutionNode = FALSE
	EndGlobalSection
	GlobalSection(ExtensibilityGlobals) = postSolution
		SolutionGuid = {3A7C8B83-5822-4AD3-9F12-EE18B02D6222}
	EndGlobalSection
EndGlobal
